
Microsoft Visual Studio Solution File, Format Version 12.00
# Visual Studio Version 17
VisualStudioVersion = 17.3.32825.248
MinimumVisualStudioVersion = 10.0.40219.1
Project("{FAE04EC0-301F-11D3-BF4B-00C04F79EFBC}") = "05", "02\05.csproj", "{299B6EC9-464A-4F4D-8FEA-2BD039587316}"
EndProject
Project("{FAE04EC0-301F-11D3-BF4B-00C04F79EFBC}") = "01-04", "01\01-04.csproj", "{5439E462-A032-4FB8-B9A2-EC0E08339536}"
EndProject
Project("{FAE04EC0-301F-11D3-BF4B-00C04F79EFBC}") = "06", "06\06.csproj", "{9F72BDC8-773D-44CD-AE7C-C523F2CCF62D}"
EndProject
Project("{FAE04EC0-301F-11D3-BF4B-00C04F79EFBC}") = "07", "07\07.csproj", "{E4589DC4-D41B-4072-826E-121548A3FA7E}"
EndProject
Project("{FAE04EC0-301F-11D3-BF4B-00C04F79EFBC}") = "08", "08\08.csproj", "{459C911F-E25A-492F-AC49-2EB4F9B8CEA7}"
EndProject
Project("{FAE04EC0-301F-11D3-BF4B-00C04F79EFBC}") = "09", "09\09.csproj", "{4DD911E2-9B81-4AEE-B8F8-E93235DF3A35}"
EndProject
Project("{FAE04EC0-301F-11D3-BF4B-00C04F79EFBC}") = "10", "10\10.csproj", "{3D53202C-BD01-481E-9436-24E34BEE95DA}"
EndProject
Project("{FAE04EC0-301F-11D3-BF4B-00C04F79EFBC}") = "11", "11\11.csproj", "{92B9E6EC-DD6A-4FA2-A9F4-6DC6A25314C4}"
EndProject
Project("{FAE04EC0-301F-11D3-BF4B-00C04F79EFBC}") = "12", "12\12.csproj", "{2C33BCA4-7881-4B4B-86F2-C486B9F89267}"
EndProject
Project("{FAE04EC0-301F-11D3-BF4B-00C04F79EFBC}") = "13", "13\13.csproj", "{FD1D2568-631E-434B-93AE-58EBA018671A}"
EndProject
Project("{FAE04EC0-301F-11D3-BF4B-00C04F79EFBC}") = "14", "14\14.csproj", "{60AF29DB-47A9-44C0-B2EE-A836F512A493}"
EndProject
Project("{FAE04EC0-301F-11D3-BF4B-00C04F79EFBC}") = "15", "15\15.csproj", "{C950AB11-8B56-440F-89E6-CF97A5B2885C}"
EndProject
Project("{FAE04EC0-301F-11D3-BF4B-00C04F79EFBC}") = "16", "16\16.csproj", "{6922CC63-3928-485C-A280-72F758D32527}"
EndProject
Project("{FAE04EC0-301F-11D3-BF4B-00C04F79EFBC}") = "17", "17\17.csproj", "{A747E1AE-4E1B-4F8F-8E9A-581DD2589E81}"
EndProject
Global
	GlobalSection(SolutionConfigurationPlatforms) = preSolution
		Debug|Any CPU = Debug|Any CPU
		Release|Any CPU = Release|Any CPU
	EndGlobalSection
	GlobalSection(ProjectConfigurationPlatforms) = postSolution
		{299B6EC9-464A-4F4D-8FEA-2BD039587316}.Debug|Any CPU.ActiveCfg = Debug|Any CPU
		{299B6EC9-464A-4F4D-8FEA-2BD039587316}.Debug|Any CPU.Build.0 = Debug|Any CPU
		{299B6EC9-464A-4F4D-8FEA-2BD039587316}.Release|Any CPU.ActiveCfg = Release|Any CPU
		{299B6EC9-464A-4F4D-8FEA-2BD039587316}.Release|Any CPU.Build.0 = Release|Any CPU
		{5439E462-A032-4FB8-B9A2-EC0E08339536}.Debug|Any CPU.ActiveCfg = Debug|Any CPU
		{5439E462-A032-4FB8-B9A2-EC0E08339536}.Debug|Any CPU.Build.0 = Debug|Any CPU
		{5439E462-A032-4FB8-B9A2-EC0E08339536}.Release|Any CPU.ActiveCfg = Release|Any CPU
		{5439E462-A032-4FB8-B9A2-EC0E08339536}.Release|Any CPU.Build.0 = Release|Any CPU
		{9F72BDC8-773D-44CD-AE7C-C523F2CCF62D}.Debug|Any CPU.ActiveCfg = Debug|Any CPU
		{9F72BDC8-773D-44CD-AE7C-C523F2CCF62D}.Debug|Any CPU.Build.0 = Debug|Any CPU
		{9F72BDC8-773D-44CD-AE7C-C523F2CCF62D}.Release|Any CPU.ActiveCfg = Release|Any CPU
		{9F72BDC8-773D-44CD-AE7C-C523F2CCF62D}.Release|Any CPU.Build.0 = Release|Any CPU
		{E4589DC4-D41B-4072-826E-121548A3FA7E}.Debug|Any CPU.ActiveCfg = Debug|Any CPU
		{E4589DC4-D41B-4072-826E-121548A3FA7E}.Debug|Any CPU.Build.0 = Debug|Any CPU
		{E4589DC4-D41B-4072-826E-121548A3FA7E}.Release|Any CPU.ActiveCfg = Release|Any CPU
		{E4589DC4-D41B-4072-826E-121548A3FA7E}.Release|Any CPU.Build.0 = Release|Any CPU
		{459C911F-E25A-492F-AC49-2EB4F9B8CEA7}.Debug|Any CPU.ActiveCfg = Debug|Any CPU
		{459C911F-E25A-492F-AC49-2EB4F9B8CEA7}.Debug|Any CPU.Build.0 = Debug|Any CPU
		{459C911F-E25A-492F-AC49-2EB4F9B8CEA7}.Release|Any CPU.ActiveCfg = Release|Any CPU
		{459C911F-E25A-492F-AC49-2EB4F9B8CEA7}.Release|Any CPU.Build.0 = Release|Any CPU
		{4DD911E2-9B81-4AEE-B8F8-E93235DF3A35}.Debug|Any CPU.ActiveCfg = Debug|Any CPU
		{4DD911E2-9B81-4AEE-B8F8-E93235DF3A35}.Debug|Any CPU.Build.0 = Debug|Any CPU
		{4DD911E2-9B81-4AEE-B8F8-E93235DF3A35}.Release|Any CPU.ActiveCfg = Release|Any CPU
		{4DD911E2-9B81-4AEE-B8F8-E93235DF3A35}.Release|Any CPU.Build.0 = Release|Any CPU
		{3D53202C-BD01-481E-9436-24E34BEE95DA}.Debug|Any CPU.ActiveCfg = Debug|Any CPU
		{3D53202C-BD01-481E-9436-24E34BEE95DA}.Debug|Any CPU.Build.0 = Debug|Any CPU
		{3D53202C-BD01-481E-9436-24E34BEE95DA}.Release|Any CPU.ActiveCfg = Release|Any CPU
		{3D53202C-BD01-481E-9436-24E34BEE95DA}.Release|Any CPU.Build.0 = Release|Any CPU
		{92B9E6EC-DD6A-4FA2-A9F4-6DC6A25314C4}.Debug|Any CPU.ActiveCfg = Debug|Any CPU
		{92B9E6EC-DD6A-4FA2-A9F4-6DC6A25314C4}.Debug|Any CPU.Build.0 = Debug|Any CPU
		{92B9E6EC-DD6A-4FA2-A9F4-6DC6A25314C4}.Release|Any CPU.ActiveCfg = Release|Any CPU
		{92B9E6EC-DD6A-4FA2-A9F4-6DC6A25314C4}.Release|Any CPU.Build.0 = Release|Any CPU
		{2C33BCA4-7881-4B4B-86F2-C486B9F89267}.Debug|Any CPU.ActiveCfg = Debug|Any CPU
		{2C33BCA4-7881-4B4B-86F2-C486B9F89267}.Debug|Any CPU.Build.0 = Debug|Any CPU
		{2C33BCA4-7881-4B4B-86F2-C486B9F89267}.Release|Any CPU.ActiveCfg = Release|Any CPU
		{2C33BCA4-7881-4B4B-86F2-C486B9F89267}.Release|Any CPU.Build.0 = Release|Any CPU
		{FD1D2568-631E-434B-93AE-58EBA018671A}.Debug|Any CPU.ActiveCfg = Debug|Any CPU
		{FD1D2568-631E-434B-93AE-58EBA018671A}.Debug|Any CPU.Build.0 = Debug|Any CPU
		{FD1D2568-631E-434B-93AE-58EBA018671A}.Release|Any CPU.ActiveCfg = Release|Any CPU
		{FD1D2568-631E-434B-93AE-58EBA018671A}.Release|Any CPU.Build.0 = Release|Any CPU
		{60AF29DB-47A9-44C0-B2EE-A836F512A493}.Debug|Any CPU.ActiveCfg = Debug|Any CPU
		{60AF29DB-47A9-44C0-B2EE-A836F512A493}.Debug|Any CPU.Build.0 = Debug|Any CPU
		{60AF29DB-47A9-44C0-B2EE-A836F512A493}.Release|Any CPU.ActiveCfg = Release|Any CPU
		{60AF29DB-47A9-44C0-B2EE-A836F512A493}.Release|Any CPU.Build.0 = Release|Any CPU
		{C950AB11-8B56-440F-89E6-CF97A5B2885C}.Debug|Any CPU.ActiveCfg = Debug|Any CPU
		{C950AB11-8B56-440F-89E6-CF97A5B2885C}.Debug|Any CPU.Build.0 = Debug|Any CPU
		{C950AB11-8B56-440F-89E6-CF97A5B2885C}.Release|Any CPU.ActiveCfg = Release|Any CPU
		{C950AB11-8B56-440F-89E6-CF97A5B2885C}.Release|Any CPU.Build.0 = Release|Any CPU
		{6922CC63-3928-485C-A280-72F758D32527}.Debug|Any CPU.ActiveCfg = Debug|Any CPU
		{6922CC63-3928-485C-A280-72F758D32527}.Debug|Any CPU.Build.0 = Debug|Any CPU
		{6922CC63-3928-485C-A280-72F758D32527}.Release|Any CPU.ActiveCfg = Release|Any CPU
		{6922CC63-3928-485C-A280-72F758D32527}.Release|Any CPU.Build.0 = Release|Any CPU
		{A747E1AE-4E1B-4F8F-8E9A-581DD2589E81}.Debug|Any CPU.ActiveCfg = Debug|Any CPU
		{A747E1AE-4E1B-4F8F-8E9A-581DD2589E81}.Debug|Any CPU.Build.0 = Debug|Any CPU
		{A747E1AE-4E1B-4F8F-8E9A-581DD2589E81}.Release|Any CPU.ActiveCfg = Release|Any CPU
		{A747E1AE-4E1B-4F8F-8E9A-581DD2589E81}.Release|Any CPU.Build.0 = Release|Any CPU
	EndGlobalSection
	GlobalSection(SolutionProperties) = preSolution
		HideSolutionNode = FALSE
	EndGlobalSection
	GlobalSection(ExtensibilityGlobals) = postSolution
		SolutionGuid = {82468418-54D5-4808-AC29-A4C745008F93}
	EndGlobalSection
EndGlobal
